// !$*UTF8*$!
{
	archiveVersion = 1;
	classes = {
	};
	objectVersion = 50;
	objects = {

/* Begin PBXBuildFile section */
		3959375F225C4982007DB63B /* AppDelegate.swift in Sources */ = {isa = PBXBuildFile; fileRef = 3959375E225C4982007DB63B /* AppDelegate.swift */; };
		39593761225C4982007DB63B /* MasterViewController.swift in Sources */ = {isa = PBXBuildFile; fileRef = 39593760225C4982007DB63B /* MasterViewController.swift */; };
		39593763225C4982007DB63B /* DetailViewController.swift in Sources */ = {isa = PBXBuildFile; fileRef = 39593762225C4982007DB63B /* DetailViewController.swift */; };
		39593766225C4982007DB63B /* Main.storyboard in Resources */ = {isa = PBXBuildFile; fileRef = 39593764225C4982007DB63B /* Main.storyboard */; };
		39593768225C4983007DB63B /* Assets.xcassets in Resources */ = {isa = PBXBuildFile; fileRef = 39593767225C4983007DB63B /* Assets.xcassets */; };
		3959376B225C4983007DB63B /* LaunchScreen.storyboard in Resources */ = {isa = PBXBuildFile; fileRef = 39593769225C4983007DB63B /* LaunchScreen.storyboard */; };
		39593776225C4983007DB63B /* Assignment2Tests.swift in Sources */ = {isa = PBXBuildFile; fileRef = 39593775225C4983007DB63B /* Assignment2Tests.swift */; };
		39593781225C4983007DB63B /* Assignment2UITests.swift in Sources */ = {isa = PBXBuildFile; fileRef = 39593780225C4983007DB63B /* Assignment2UITests.swift */; };
		39593790225C49EC007DB63B /* Location.swift in Sources */ = {isa = PBXBuildFile; fileRef = 3959378F225C49EC007DB63B /* Location.swift */; };
/* End PBXBuildFile section */

/* Begin PBXContainerItemProxy section */
		39593772225C4983007DB63B /* PBXContainerItemProxy */ = {
			isa = PBXContainerItemProxy;
			containerPortal = 39593753225C4982007DB63B /* Project object */;
			proxyType = 1;
			remoteGlobalIDString = 3959375A225C4982007DB63B;
			remoteInfo = Assignment2;
		};
		3959377D225C4983007DB63B /* PBXContainerItemProxy */ = {
			isa = PBXContainerItemProxy;
			containerPortal = 39593753225C4982007DB63B /* Project object */;
			proxyType = 1;
			remoteGlobalIDString = 3959375A225C4982007DB63B;
			remoteInfo = Assignment2;
		};
/* End PBXContainerItemProxy section */

/* Begin PBXFileReference section */
		3959375B225C4982007DB63B /* Assignment2.app */ = {isa = PBXFileReference; explicitFileType = wrapper.application; includeInIndex = 0; path = Assignment2.app; sourceTree = BUILT_PRODUCTS_DIR; };
		3959375E225C4982007DB63B /* AppDelegate.swift */ = {isa = PBXFileReference; lastKnownFileType = sourcecode.swift; path = AppDelegate.swift; sourceTree = "<group>"; };
		39593760225C4982007DB63B /* MasterViewController.swift */ = {isa = PBXFileReference; lastKnownFileType = sourcecode.swift; path = MasterViewController.swift; sourceTree = "<group>"; };
		39593762225C4982007DB63B /* DetailViewController.swift */ = {isa = PBXFileReference; lastKnownFileType = sourcecode.swift; path = DetailViewController.swift; sourceTree = "<group>"; };
		39593765225C4982007DB63B /* Base */ = {isa = PBXFileReference; lastKnownFileType = file.storyboard; name = Base; path = Base.lproj/Main.storyboard; sourceTree = "<group>"; };
		39593767225C4983007DB63B /* Assets.xcassets */ = {isa = PBXFileReference; lastKnownFileType = folder.assetcatalog; path = Assets.xcassets; sourceTree = "<group>"; };
		3959376A225C4983007DB63B /* Base */ = {isa = PBXFileReference; lastKnownFileType = file.storyboard; name = Base; path = Base.lproj/LaunchScreen.storyboard; sourceTree = "<group>"; };
		3959376C225C4983007DB63B /* Info.plist */ = {isa = PBXFileReference; lastKnownFileType = text.plist.xml; path = Info.plist; sourceTree = "<group>"; };
		39593771225C4983007DB63B /* Assignment2Tests.xctest */ = {isa = PBXFileReference; explicitFileType = wrapper.cfbundle; includeInIndex = 0; path = Assignment2Tests.xctest; sourceTree = BUILT_PRODUCTS_DIR; };
		39593775225C4983007DB63B /* Assignment2Tests.swift */ = {isa = PBXFileReference; lastKnownFileType = sourcecode.swift; path = Assignment2Tests.swift; sourceTree = "<group>"; };
		39593777225C4983007DB63B /* Info.plist */ = {isa = PBXFileReference; lastKnownFileType = text.plist.xml; path = Info.plist; sourceTree = "<group>"; };
		3959377C225C4983007DB63B /* Assignment2UITests.xctest */ = {isa = PBXFileReference; explicitFileType = wrapper.cfbundle; includeInIndex = 0; path = Assignment2UITests.xctest; sourceTree = BUILT_PRODUCTS_DIR; };
		39593780225C4983007DB63B /* Assignment2UITests.swift */ = {isa = PBXFileReference; lastKnownFileType = sourcecode.swift; path = Assignment2UITests.swift; sourceTree = "<group>"; };
		39593782225C4983007DB63B /* Info.plist */ = {isa = PBXFileReference; lastKnownFileType = text.plist.xml; path = Info.plist; sourceTree = "<group>"; };
		3959378F225C49EC007DB63B /* Location.swift */ = {isa = PBXFileReference; lastKnownFileType = sourcecode.swift; path = Location.swift; sourceTree = "<group>"; };
/* End PBXFileReference section */

/* Begin PBXFrameworksBuildPhase section */
		39593758225C4982007DB63B /* Frameworks */ = {
			isa = PBXFrameworksBuildPhase;
			buildActionMask = 2147483647;
			files = (
			);
			runOnlyForDeploymentPostprocessing = 0;
		};
		3959376E225C4983007DB63B /* Frameworks */ = {
			isa = PBXFrameworksBuildPhase;
			buildActionMask = 2147483647;
			files = (
			);
			runOnlyForDeploymentPostprocessing = 0;
		};
		39593779225C4983007DB63B /* Frameworks */ = {
			isa = PBXFrameworksBuildPhase;
			buildActionMask = 2147483647;
			files = (
			);
			runOnlyForDeploymentPostprocessing = 0;
		};
/* End PBXFrameworksBuildPhase section */

/* Begin PBXGroup section */
		39593752225C4982007DB63B = {
			isa = PBXGroup;
			children = (
				3959378E225C49BA007DB63B /* Model */,
				3959375D225C4982007DB63B /* Assignment2 */,
				39593774225C4983007DB63B /* Assignment2Tests */,
				3959377F225C4983007DB63B /* Assignment2UITests */,
				3959375C225C4982007DB63B /* Products */,
			);
			sourceTree = "<group>";
		};
		3959375C225C4982007DB63B /* Products */ = {
			isa = PBXGroup;
			children = (
				3959375B225C4982007DB63B /* Assignment2.app */,
				39593771225C4983007DB63B /* Assignment2Tests.xctest */,
				3959377C225C4983007DB63B /* Assignment2UITests.xctest */,
			);
			name = Products;
			sourceTree = "<group>";
		};
		3959375D225C4982007DB63B /* Assignment2 */ = {
			isa = PBXGroup;
			children = (
				3959375E225C4982007DB63B /* AppDelegate.swift */,
				39593760225C4982007DB63B /* MasterViewController.swift */,
				39593762225C4982007DB63B /* DetailViewController.swift */,
				39593764225C4982007DB63B /* Main.storyboard */,
				39593767225C4983007DB63B /* Assets.xcassets */,
				39593769225C4983007DB63B /* LaunchScreen.storyboard */,
				3959376C225C4983007DB63B /* Info.plist */,
			);
			path = Assignment2;
			sourceTree = "<group>";
		};
		39593774225C4983007DB63B /* Assignment2Tests */ = {
			isa = PBXGroup;
			children = (
				39593775225C4983007DB63B /* Assignment2Tests.swift */,
				39593777225C4983007DB63B /* Info.plist */,
			);
			path = Assignment2Tests;
			sourceTree = "<group>";
		};
		3959377F225C4983007DB63B /* Assignment2UITests */ = {
			isa = PBXGroup;
			children = (
				39593780225C4983007DB63B /* Assignment2UITests.swift */,
				39593782225C4983007DB63B /* Info.plist */,
			);
			path = Assignment2UITests;
			sourceTree = "<group>";
		};
		3959378E225C49BA007DB63B /* Model */ = {
			isa = PBXGroup;
			children = (
				3959378F225C49EC007DB63B /* Location.swift */,
			);
			path = Model;
			sourceTree = "<group>";
		};
/* End PBXGroup section */

/* Begin PBXNativeTarget section */
		3959375A225C4982007DB63B /* Assignment2 */ = {
			isa = PBXNativeTarget;
			buildConfigurationList = 39593785225C4983007DB63B /* Build configuration list for PBXNativeTarget "Assignment2" */;
			buildPhases = (
				39593757225C4982007DB63B /* Sources */,
				39593758225C4982007DB63B /* Frameworks */,
				39593759225C4982007DB63B /* Resources */,
			);
			buildRules = (
			);
			dependencies = (
			);
			name = Assignment2;
			productName = Assignment2;
			productReference = 3959375B225C4982007DB63B /* Assignment2.app */;
			productType = "com.apple.product-type.application";
		};
		39593770225C4983007DB63B /* Assignment2Tests */ = {
			isa = PBXNativeTarget;
			buildConfigurationList = 39593788225C4983007DB63B /* Build configuration list for PBXNativeTarget "Assignment2Tests" */;
			buildPhases = (
				3959376D225C4983007DB63B /* Sources */,
				3959376E225C4983007DB63B /* Frameworks */,
				3959376F225C4983007DB63B /* Resources */,
			);
			buildRules = (
			);
			dependencies = (
				39593773225C4983007DB63B /* PBXTargetDependency */,
			);
			name = Assignment2Tests;
			productName = Assignment2Tests;
			productReference = 39593771225C4983007DB63B /* Assignment2Tests.xctest */;
			productType = "com.apple.product-type.bundle.unit-test";
		};
		3959377B225C4983007DB63B /* Assignment2UITests */ = {
			isa = PBXNativeTarget;
			buildConfigurationList = 3959378B225C4983007DB63B /* Build configuration list for PBXNativeTarget "Assignment2UITests" */;
			buildPhases = (
				39593778225C4983007DB63B /* Sources */,
				39593779225C4983007DB63B /* Frameworks */,
				3959377A225C4983007DB63B /* Resources */,
			);
			buildRules = (
			);
			dependencies = (
				3959377E225C4983007DB63B /* PBXTargetDependency */,
			);
			name = Assignment2UITests;
			productName = Assignment2UITests;
			productReference = 3959377C225C4983007DB63B /* Assignment2UITests.xctest */;
			productType = "com.apple.product-type.bundle.ui-testing";
		};
/* End PBXNativeTarget section */

/* Begin PBXProject section */
		39593753225C4982007DB63B /* Project object */ = {
			isa = PBXProject;
			attributes = {
				LastSwiftUpdateCheck = 1010;
				LastUpgradeCheck = 1010;
				ORGANIZATIONNAME = "Min young Go";
				TargetAttributes = {
					3959375A225C4982007DB63B = {
						CreatedOnToolsVersion = 10.1;
					};
					39593770225C4983007DB63B = {
						CreatedOnToolsVersion = 10.1;
						TestTargetID = 3959375A225C4982007DB63B;
					};
					3959377B225C4983007DB63B = {
						CreatedOnToolsVersion = 10.1;
						TestTargetID = 3959375A225C4982007DB63B;
					};
				};
			};
			buildConfigurationList = 39593756225C4982007DB63B /* Build configuration list for PBXProject "Assignment2" */;
			compatibilityVersion = "Xcode 9.3";
			developmentRegion = en;
			hasScannedForEncodings = 0;
			knownRegions = (
				en,
				Base,
			);
			mainGroup = 39593752225C4982007DB63B;
			productRefGroup = 3959375C225C4982007DB63B /* Products */;
			projectDirPath = "";
			projectRoot = "";
			targets = (
				3959375A225C4982007DB63B /* Assignment2 */,
				39593770225C4983007DB63B /* Assignment2Tests */,
				3959377B225C4983007DB63B /* Assignment2UITests */,
			);
		};
/* End PBXProject section */

/* Begin PBXResourcesBuildPhase section */
		39593759225C4982007DB63B /* Resources */ = {
			isa = PBXResourcesBuildPhase;
			buildActionMask = 2147483647;
			files = (
				3959376B225C4983007DB63B /* LaunchScreen.storyboard in Resources */,
				39593768225C4983007DB63B /* Assets.xcassets in Resources */,
				39593766225C4982007DB63B /* Main.storyboard in Resources */,
			);
			runOnlyForDeploymentPostprocessing = 0;
		};
		3959376F225C4983007DB63B /* Resources */ = {
			isa = PBXResourcesBuildPhase;
			buildActionMask = 2147483647;
			files = (
			);
			runOnlyForDeploymentPostprocessing = 0;
		};
		3959377A225C4983007DB63B /* Resources */ = {
			isa = PBXResourcesBuildPhase;
			buildActionMask = 2147483647;
			files = (
			);
			runOnlyForDeploymentPostprocessing = 0;
		};
/* End PBXResourcesBuildPhase section */

/* Begin PBXSourcesBuildPhase section */
		39593757225C4982007DB63B /* Sources */ = {
			isa = PBXSourcesBuildPhase;
			buildActionMask = 2147483647;
			files = (
				39593763225C4982007DB63B /* DetailViewController.swift in Sources */,
				39593790225C49EC007DB63B /* Location.swift in Sources */,
				39593761225C4982007DB63B /* MasterViewController.swift in Sources */,
				3959375F225C4982007DB63B /* AppDelegate.swift in Sources */,
			);
			runOnlyForDeploymentPostprocessing = 0;
		};
		3959376D225C4983007DB63B /* Sources */ = {
			isa = PBXSourcesBuildPhase;
			buildActionMask = 2147483647;
			files = (
				39593776225C4983007DB63B /* Assignment2Tests.swift in Sources */,
			);
			runOnlyForDeploymentPostprocessing = 0;
		};
		39593778225C4983007DB63B /* Sources */ = {
			isa = PBXSourcesBuildPhase;
			buildActionMask = 2147483647;
			files = (
				39593781225C4983007DB63B /* Assignment2UITests.swift in Sources */,
			);
			runOnlyForDeploymentPostprocessing = 0;
		};
/* End PBXSourcesBuildPhase section */

/* Begin PBXTargetDependency section */
		39593773225C4983007DB63B /* PBXTargetDependency */ = {
			isa = PBXTargetDependency;
			target = 3959375A225C4982007DB63B /* Assignment2 */;
			targetProxy = 39593772225C4983007DB63B /* PBXContainerItemProxy */;
		};
		3959377E225C4983007DB63B /* PBXTargetDependency */ = {
			isa = PBXTargetDependency;
			target = 3959375A225C4982007DB63B /* Assignment2 */;
			targetProxy = 3959377D225C4983007DB63B /* PBXContainerItemProxy */;
		};
/* End PBXTargetDependency section */

/* Begin PBXVariantGroup section */
		39593764225C4982007DB63B /* Main.storyboard */ = {
			isa = PBXVariantGroup;
			children = (
				39593765225C4982007DB63B /* Base */,
			);
			name = Main.storyboard;
			sourceTree = "<group>";
		};
		39593769225C4983007DB63B /* LaunchScreen.storyboard */ = {
			isa = PBXVariantGroup;
			children = (
				3959376A225C4983007DB63B /* Base */,
			);
			name = LaunchScreen.storyboard;
			sourceTree = "<group>";
		};
/* End PBXVariantGroup section */

/* Begin XCBuildConfiguration section */
		39593783225C4983007DB63B /* Debug */ = {
			isa = XCBuildConfiguration;
			buildSettings = {
				ALWAYS_SEARCH_USER_PATHS = NO;
				CLANG_ANALYZER_NONNULL = YES;
				CLANG_ANALYZER_NUMBER_OBJECT_CONVERSION = YES_AGGRESSIVE;
				CLANG_CXX_LANGUAGE_STANDARD = "gnu++14";
				CLANG_CXX_LIBRARY = "libc++";
				CLANG_ENABLE_MODULES = YES;
				CLANG_ENABLE_OBJC_ARC = YES;
				CLANG_ENABLE_OBJC_WEAK = YES;
				CLANG_WARN_BLOCK_CAPTURE_AUTORELEASING = YES;
				CLANG_WARN_BOOL_CONVERSION = YES;
				CLANG_WARN_COMMA = YES;
				CLANG_WARN_CONSTANT_CONVERSION = YES;
				CLANG_WARN_DEPRECATED_OBJC_IMPLEMENTATIONS = YES;
				CLANG_WARN_DIRECT_OBJC_ISA_USAGE = YES_ERROR;
				CLANG_WARN_DOCUMENTATION_COMMENTS = YES;
				CLANG_WARN_EMPTY_BODY = YES;
				CLANG_WARN_ENUM_CONVERSION = YES;
				CLANG_WARN_INFINITE_RECURSION = YES;
				CLANG_WARN_INT_CONVERSION = YES;
				CLANG_WARN_NON_LITERAL_NULL_CONVERSION = YES;
				CLANG_WARN_OBJC_IMPLICIT_RETAIN_SELF = YES;
				CLANG_WARN_OBJC_LITERAL_CONVERSION = YES;
				CLANG_WARN_OBJC_ROOT_CLASS = YES_ERROR;
				CLANG_WARN_RANGE_LOOP_ANALYSIS = YES;
				CLANG_WARN_STRICT_PROTOTYPES = YES;
				CLANG_WARN_SUSPICIOUS_MOVE = YES;
				CLANG_WARN_UNGUARDED_AVAILABILITY = YES_AGGRESSIVE;
				CLANG_WARN_UNREACHABLE_CODE = YES;
				CLANG_WARN__DUPLICATE_METHOD_MATCH = YES;
				CODE_SIGN_IDENTITY = "iPhone Developer";
				COPY_PHASE_STRIP = NO;
				DEBUG_INFORMATION_FORMAT = dwarf;
				ENABLE_STRICT_OBJC_MSGSEND = YES;
				ENABLE_TESTABILITY = YES;
				GCC_C_LANGUAGE_STANDARD = gnu11;
				GCC_DYNAMIC_NO_PIC = NO;
				GCC_NO_COMMON_BLOCKS = YES;
				GCC_OPTIMIZATION_LEVEL = 0;
				GCC_PREPROCESSOR_DEFINITIONS = (
					"DEBUG=1",
					"$(inherited)",
				);
				GCC_WARN_64_TO_32_BIT_CONVERSION = YES;
				GCC_WARN_ABOUT_RETURN_TYPE = YES_ERROR;
				GCC_WARN_UNDECLARED_SELECTOR = YES;
				GCC_WARN_UNINITIALIZED_AUTOS = YES_AGGRESSIVE;
				GCC_WARN_UNUSED_FUNCTION = YES;
				GCC_WARN_UNUSED_VARIABLE = YES;
				IPHONEOS_DEPLOYMENT_TARGET = 12.1;
				MTL_ENABLE_DEBUG_INFO = INCLUDE_SOURCE;
				MTL_FAST_MATH = YES;
				ONLY_ACTIVE_ARCH = YES;
				SDKROOT = iphoneos;
				SWIFT_ACTIVE_COMPILATION_CONDITIONS = DEBUG;
				SWIFT_OPTIMIZATION_LEVEL = "-Onone";
			};
			name = Debug;
		};
		39593784225C4983007DB63B /* Release */ = {
			isa = XCBuildConfiguration;
			buildSettings = {
				ALWAYS_SEARCH_USER_PATHS = NO;
				CLANG_ANALYZER_NONNULL = YES;
				CLANG_ANALYZER_NUMBER_OBJECT_CONVERSION = YES_AGGRESSIVE;
				CLANG_CXX_LANGUAGE_STANDARD = "gnu++14";
				CLANG_CXX_LIBRARY = "libc++";
				CLANG_ENABLE_MODULES = YES;
				CLANG_ENABLE_OBJC_ARC = YES;
				CLANG_ENABLE_OBJC_WEAK = YES;
				CLANG_WARN_BLOCK_CAPTURE_AUTORELEASING = YES;
				CLANG_WARN_BOOL_CONVERSION = YES;
				CLANG_WARN_COMMA = YES;
				CLANG_WARN_CONSTANT_CONVERSION = YES;
				CLANG_WARN_DEPRECATED_OBJC_IMPLEMENTATIONS = YES;
				CLANG_WARN_DIRECT_OBJC_ISA_USAGE = YES_ERROR;
				CLANG_WARN_DOCUMENTATION_COMMENTS = YES;
				CLANG_WARN_EMPTY_BODY = YES;
				CLANG_WARN_ENUM_CONVERSION = YES;
				CLANG_WARN_INFINITE_RECURSION = YES;
				CLANG_WARN_INT_CONVERSION = YES;
				CLANG_WARN_NON_LITERAL_NULL_CONVERSION = YES;
				CLANG_WARN_OBJC_IMPLICIT_RETAIN_SELF = YES;
				CLANG_WARN_OBJC_LITERAL_CONVERSION = YES;
				CLANG_WARN_OBJC_ROOT_CLASS = YES_ERROR;
				CLANG_WARN_RANGE_LOOP_ANALYSIS = YES;
				CLANG_WARN_STRICT_PROTOTYPES = YES;
				CLANG_WARN_SUSPICIOUS_MOVE = YES;
				CLANG_WARN_UNGUARDED_AVAILABILITY = YES_AGGRESSIVE;
				CLANG_WARN_UNREACHABLE_CODE = YES;
				CLANG_WARN__DUPLICATE_METHOD_MATCH = YES;
				CODE_SIGN_IDENTITY = "iPhone Developer";
				COPY_PHASE_STRIP = NO;
				DEBUG_INFORMATION_FORMAT = "dwarf-with-dsym";
				ENABLE_NS_ASSERTIONS = NO;
				ENABLE_STRICT_OBJC_MSGSEND = YES;
				GCC_C_LANGUAGE_STANDARD = gnu11;
				GCC_NO_COMMON_BLOCKS = YES;
				GCC_WARN_64_TO_32_BIT_CONVERSION = YES;
				GCC_WARN_ABOUT_RETURN_TYPE = YES_ERROR;
				GCC_WARN_UNDECLARED_SELECTOR = YES;
				GCC_WARN_UNINITIALIZED_AUTOS = YES_AGGRESSIVE;
				GCC_WARN_UNUSED_FUNCTION = YES;
				GCC_WARN_UNUSED_VARIABLE = YES;
				IPHONEOS_DEPLOYMENT_TARGET = 12.1;
				MTL_ENABLE_DEBUG_INFO = NO;
				MTL_FAST_MATH = YES;
				SDKROOT = iphoneos;
				SWIFT_COMPILATION_MODE = wholemodule;
				SWIFT_OPTIMIZATION_LEVEL = "-O";
				VALIDATE_PRODUCT = YES;
			};
			name = Release;
		};
		39593786225C4983007DB63B /* Debug */ = {
			isa = XCBuildConfiguration;
			buildSettings = {
				ASSETCATALOG_COMPILER_APPICON_NAME = AppIcon;
				CODE_SIGN_STYLE = Automatic;
				INFOPLIST_FILE = Assignment2/Info.plist;
				LD_RUNPATH_SEARCH_PATHS = (
					"$(inherited)",
					"@executable_path/Frameworks",
				);
				PRODUCT_BUNDLE_IDENTIFIER = "Griffith-university.Assignment2";
				PRODUCT_NAME = "$(TARGET_NAME)";
				SWIFT_VERSION = 4.2;
				TARGETED_DEVICE_FAMILY = "1,2";
			};
			name = Debug;
		};
		39593787225C4983007DB63B /* Release */ = {
			isa = XCBuildConfiguration;
			buildSettings = {
				ASSETCATALOG_COMPILER_APPICON_NAME = AppIcon;
				CODE_SIGN_STYLE = Automatic;
				INFOPLIST_FILE = Assignment2/Info.plist;
				LD_RUNPATH_SEARCH_PATHS = (
					"$(inherited)",
					"@executable_path/Frameworks",
				);
				PRODUCT_BUNDLE_IDENTIFIER = "Griffith-university.Assignment2";
				PRODUCT_NAME = "$(TARGET_NAME)";
				SWIFT_VERSION = 4.2;
				TARGETED_DEVICE_FAMILY = "1,2";
			};
			name = Release;
		};
		39593789225C4983007DB63B /* Debug */ = {
			isa = XCBuildConfiguration;
			buildSettings = {
				ALWAYS_EMBED_SWIFT_STANDARD_LIBRARIES = YES;
				BUNDLE_LOADER = "$(TEST_HOST)";
				CODE_SIGN_STYLE = Automatic;
				INFOPLIST_FILE = Assignment2Tests/Info.plist;
				LD_RUNPATH_SEARCH_PATHS = (
					"$(inherited)",
					"@executable_path/Frameworks",
					"@loader_path/Frameworks",
				);
				PRODUCT_BUNDLE_IDENTIFIER = "Griffith-university.Assignment2Tests";
				PRODUCT_NAME = "$(TARGET_NAME)";
				SWIFT_VERSION = 4.2;
				TARGETED_DEVICE_FAMILY = "1,2";
				TEST_HOST = "$(BUILT_PRODUCTS_DIR)/Assignment2.app/Assignment2";
			};
			name = Debug;
		};
		3959378A225C4983007DB63B /* Release */ = {
			isa = XCBuildConfiguration;
			buildSettings = {
				ALWAYS_EMBED_SWIFT_STANDARD_LIBRARIES = YES;
				BUNDLE_LOADER = "$(TEST_HOST)";
				CODE_SIGN_STYLE = Automatic;
				INFOPLIST_FILE = Assignment2Tests/Info.plist;
				LD_RUNPATH_SEARCH_PATHS = (
					"$(inherited)",
					"@executable_path/Frameworks",
					"@loader_path/Frameworks",
				);
				PRODUCT_BUNDLE_IDENTIFIER = "Griffith-university.Assignment2Tests";
				PRODUCT_NAME = "$(TARGET_NAME)";
				SWIFT_VERSION = 4.2;
				TARGETED_DEVICE_FAMILY = "1,2";
				TEST_HOST = "$(BUILT_PRODUCTS_DIR)/Assignment2.app/Assignment2";
			};
			name = Release;
		};
		3959378C225C4983007DB63B /* Debug */ = {
			isa = XCBuildConfiguration;
			buildSettings = {
				ALWAYS_EMBED_SWIFT_STANDARD_LIBRARIES = YES;
				CODE_SIGN_STYLE = Automatic;
				INFOPLIST_FILE = Assignment2UITests/Info.plist;
				LD_RUNPATH_SEARCH_PATHS = (
					"$(inherited)",
					"@executable_path/Frameworks",
					"@loader_path/Frameworks",
				);
				PRODUCT_BUNDLE_IDENTIFIER = "Griffith-university.Assignment2UITests";
				PRODUCT_NAME = "$(TARGET_NAME)";
				SWIFT_VERSION = 4.2;
				TARGETED_DEVICE_FAMILY = "1,2";
				TEST_TARGET_NAME = Assignment2;
			};
			name = Debug;
		};
		3959378D225C4983007DB63B /* Release */ = {
			isa = XCBuildConfiguration;
			buildSettings = {
				ALWAYS_EMBED_SWIFT_STANDARD_LIBRARIES = YES;
				CODE_SIGN_STYLE = Automatic;
				INFOPLIST_FILE = Assignment2UITests/Info.plist;
				LD_RUNPATH_SEARCH_PATHS = (
					"$(inherited)",
					"@executable_path/Frameworks",
					"@loader_path/Frameworks",
				);
				PRODUCT_BUNDLE_IDENTIFIER = "Griffith-university.Assignment2UITests";
				PRODUCT_NAME = "$(TARGET_NAME)";
				SWIFT_VERSION = 4.2;
				TARGETED_DEVICE_FAMILY = "1,2";
				TEST_TARGET_NAME = Assignment2;
			};
			name = Release;
		};
/* End XCBuildConfiguration section */

/* Begin XCConfigurationList section */
		39593756225C4982007DB63B /* Build configuration list for PBXProject "Assignment2" */ = {
			isa = XCConfigurationList;
			buildConfigurations = (
				39593783225C4983007DB63B /* Debug */,
				39593784225C4983007DB63B /* Release */,
			);
			defaultConfigurationIsVisible = 0;
			defaultConfigurationName = Release;
		};
		39593785225C4983007DB63B /* Build configuration list for PBXNativeTarget "Assignment2" */ = {
			isa = XCConfigurationList;
			buildConfigurations = (
				39593786225C4983007DB63B /* Debug */,
				39593787225C4983007DB63B /* Release */,
			);
			defaultConfigurationIsVisible = 0;
			defaultConfigurationName = Release;
		};
		39593788225C4983007DB63B /* Build configuration list for PBXNativeTarget "Assignment2Tests" */ = {
			isa = XCConfigurationList;
			buildConfigurations = (
				39593789225C4983007DB63B /* Debug */,
				3959378A225C4983007DB63B /* Release */,
			);
			defaultConfigurationIsVisible = 0;
			defaultConfigurationName = Release;
		};
		3959378B225C4983007DB63B /* Build configuration list for PBXNativeTarget "Assignment2UITests" */ = {
			isa = XCConfigurationList;
			buildConfigurations = (
				3959378C225C4983007DB63B /* Debug */,
				3959378D225C4983007DB63B /* Release */,
			);
			defaultConfigurationIsVisible = 0;
			defaultConfigurationName = Release;
		};
/* End XCConfigurationList section */
	};
	rootObject = 39593753225C4982007DB63B /* Project object */;
}
